// !$*UTF8*$!
{
	archiveVersion = 1;
	classes = {
	};
	objectVersion = 56;
	objects = {

/* Begin PBXBuildFile section */
		06924F292BD0EE9C00F005F3 /* ReservationForm.swift in Sources */ = {isa = PBXBuildFile; fileRef = 06924F282BD0EE9C00F005F3 /* ReservationForm.swift */; };
		06F48F762BD1CE7600E4BAC4 /* MainView.swift in Sources */ = {isa = PBXBuildFile; fileRef = 06F48F752BD1CE7600E4BAC4 /* MainView.swift */; };
		06F48F782BD1D33700E4BAC4 /* AddingControlsExercise.swift in Sources */ = {isa = PBXBuildFile; fileRef = 06F48F772BD1D33700E4BAC4 /* AddingControlsExercise.swift */; };
		06FCF9362BD0A0C1003DE620 /* Exercise_SwiftUIApp.swift in Sources */ = {isa = PBXBuildFile; fileRef = 06FCF9352BD0A0C1003DE620 /* Exercise_SwiftUIApp.swift */; };
		06FCF9382BD0A0C1003DE620 /* ContentView.swift in Sources */ = {isa = PBXBuildFile; fileRef = 06FCF9372BD0A0C1003DE620 /* ContentView.swift */; };
		06FCF93A2BD0A0C2003DE620 /* Assets.xcassets in Resources */ = {isa = PBXBuildFile; fileRef = 06FCF9392BD0A0C2003DE620 /* Assets.xcassets */; };
		06FCF93D2BD0A0C2003DE620 /* Preview Assets.xcassets in Resources */ = {isa = PBXBuildFile; fileRef = 06FCF93C2BD0A0C2003DE620 /* Preview Assets.xcassets */; };
		06FCF9472BD0A0C2003DE620 /* Exercise_SwiftUITests.swift in Sources */ = {isa = PBXBuildFile; fileRef = 06FCF9462BD0A0C2003DE620 /* Exercise_SwiftUITests.swift */; };
		06FCF9512BD0A0C2003DE620 /* Exercise_SwiftUIUITests.swift in Sources */ = {isa = PBXBuildFile; fileRef = 06FCF9502BD0A0C2003DE620 /* Exercise_SwiftUIUITests.swift */; };
		06FCF9532BD0A0C2003DE620 /* Exercise_SwiftUIUITestsLaunchTests.swift in Sources */ = {isa = PBXBuildFile; fileRef = 06FCF9522BD0A0C2003DE620 /* Exercise_SwiftUIUITestsLaunchTests.swift */; };
		06FCF9602BD0A12B003DE620 /* MyFirstView.swift in Sources */ = {isa = PBXBuildFile; fileRef = 06FCF95F2BD0A12B003DE620 /* MyFirstView.swift */; };
/* End PBXBuildFile section */

/* Begin PBXContainerItemProxy section */
		06FCF9432BD0A0C2003DE620 /* PBXContainerItemProxy */ = {
			isa = PBXContainerItemProxy;
			containerPortal = 06FCF92A2BD0A0C1003DE620 /* Project object */;
			proxyType = 1;
			remoteGlobalIDString = 06FCF9312BD0A0C1003DE620;
			remoteInfo = "Exercise-SwiftUI";
		};
		06FCF94D2BD0A0C2003DE620 /* PBXContainerItemProxy */ = {
			isa = PBXContainerItemProxy;
			containerPortal = 06FCF92A2BD0A0C1003DE620 /* Project object */;
			proxyType = 1;
			remoteGlobalIDString = 06FCF9312BD0A0C1003DE620;
			remoteInfo = "Exercise-SwiftUI";
		};
/* End PBXContainerItemProxy section */

/* Begin PBXFileReference section */
		06924F282BD0EE9C00F005F3 /* ReservationForm.swift */ = {isa = PBXFileReference; lastKnownFileType = sourcecode.swift; path = ReservationForm.swift; sourceTree = "<group>"; };
		06F48F752BD1CE7600E4BAC4 /* MainView.swift */ = {isa = PBXFileReference; lastKnownFileType = sourcecode.swift; path = MainView.swift; sourceTree = "<group>"; };
		06F48F772BD1D33700E4BAC4 /* AddingControlsExercise.swift */ = {isa = PBXFileReference; lastKnownFileType = sourcecode.swift; path = AddingControlsExercise.swift; sourceTree = "<group>"; };
		06FCF9322BD0A0C1003DE620 /* Exercise-SwiftUI.app */ = {isa = PBXFileReference; explicitFileType = wrapper.application; includeInIndex = 0; path = "Exercise-SwiftUI.app"; sourceTree = BUILT_PRODUCTS_DIR; };
		06FCF9352BD0A0C1003DE620 /* Exercise_SwiftUIApp.swift */ = {isa = PBXFileReference; lastKnownFileType = sourcecode.swift; path = Exercise_SwiftUIApp.swift; sourceTree = "<group>"; };
		06FCF9372BD0A0C1003DE620 /* ContentView.swift */ = {isa = PBXFileReference; lastKnownFileType = sourcecode.swift; path = ContentView.swift; sourceTree = "<group>"; };
		06FCF9392BD0A0C2003DE620 /* Assets.xcassets */ = {isa = PBXFileReference; lastKnownFileType = folder.assetcatalog; path = Assets.xcassets; sourceTree = "<group>"; };
		06FCF93C2BD0A0C2003DE620 /* Preview Assets.xcassets */ = {isa = PBXFileReference; lastKnownFileType = folder.assetcatalog; path = "Preview Assets.xcassets"; sourceTree = "<group>"; };
		06FCF9422BD0A0C2003DE620 /* Exercise-SwiftUITests.xctest */ = {isa = PBXFileReference; explicitFileType = wrapper.cfbundle; includeInIndex = 0; path = "Exercise-SwiftUITests.xctest"; sourceTree = BUILT_PRODUCTS_DIR; };
		06FCF9462BD0A0C2003DE620 /* Exercise_SwiftUITests.swift */ = {isa = PBXFileReference; lastKnownFileType = sourcecode.swift; path = Exercise_SwiftUITests.swift; sourceTree = "<group>"; };
		06FCF94C2BD0A0C2003DE620 /* Exercise-SwiftUIUITests.xctest */ = {isa = PBXFileReference; explicitFileType = wrapper.cfbundle; includeInIndex = 0; path = "Exercise-SwiftUIUITests.xctest"; sourceTree = BUILT_PRODUCTS_DIR; };
		06FCF9502BD0A0C2003DE620 /* Exercise_SwiftUIUITests.swift */ = {isa = PBXFileReference; lastKnownFileType = sourcecode.swift; path = Exercise_SwiftUIUITests.swift; sourceTree = "<group>"; };
		06FCF9522BD0A0C2003DE620 /* Exercise_SwiftUIUITestsLaunchTests.swift */ = {isa = PBXFileReference; lastKnownFileType = sourcecode.swift; path = Exercise_SwiftUIUITestsLaunchTests.swift; sourceTree = "<group>"; };
		06FCF95F2BD0A12B003DE620 /* MyFirstView.swift */ = {isa = PBXFileReference; lastKnownFileType = sourcecode.swift; path = MyFirstView.swift; sourceTree = "<group>"; };
/* End PBXFileReference section */

/* Begin PBXFrameworksBuildPhase section */
		06FCF92F2BD0A0C1003DE620 /* Frameworks */ = {
			isa = PBXFrameworksBuildPhase;
			buildActionMask = 2147483647;
			files = (
			);
			runOnlyForDeploymentPostprocessing = 0;
		};
		06FCF93F2BD0A0C2003DE620 /* Frameworks */ = {
			isa = PBXFrameworksBuildPhase;
			buildActionMask = 2147483647;
			files = (
			);
			runOnlyForDeploymentPostprocessing = 0;
		};
		06FCF9492BD0A0C2003DE620 /* Frameworks */ = {
			isa = PBXFrameworksBuildPhase;
			buildActionMask = 2147483647;
			files = (
			);
			runOnlyForDeploymentPostprocessing = 0;
		};
/* End PBXFrameworksBuildPhase section */

/* Begin PBXGroup section */
		06FCF9292BD0A0C1003DE620 = {
			isa = PBXGroup;
			children = (
				06FCF9342BD0A0C1003DE620 /* Exercise-SwiftUI */,
				06FCF9452BD0A0C2003DE620 /* Exercise-SwiftUITests */,
				06FCF94F2BD0A0C2003DE620 /* Exercise-SwiftUIUITests */,
				06FCF9332BD0A0C1003DE620 /* Products */,
			);
			sourceTree = "<group>";
		};
		06FCF9332BD0A0C1003DE620 /* Products */ = {
			isa = PBXGroup;
			children = (
				06FCF9322BD0A0C1003DE620 /* Exercise-SwiftUI.app */,
				06FCF9422BD0A0C2003DE620 /* Exercise-SwiftUITests.xctest */,
				06FCF94C2BD0A0C2003DE620 /* Exercise-SwiftUIUITests.xctest */,
			);
			name = Products;
			sourceTree = "<group>";
		};
		06FCF9342BD0A0C1003DE620 /* Exercise-SwiftUI */ = {
			isa = PBXGroup;
			children = (
				06FCF9352BD0A0C1003DE620 /* Exercise_SwiftUIApp.swift */,
				06FCF9372BD0A0C1003DE620 /* ContentView.swift */,
				06F48F772BD1D33700E4BAC4 /* AddingControlsExercise.swift */,
				06F48F752BD1CE7600E4BAC4 /* MainView.swift */,
				06924F282BD0EE9C00F005F3 /* ReservationForm.swift */,
				06FCF95F2BD0A12B003DE620 /* MyFirstView.swift */,
				06FCF9392BD0A0C2003DE620 /* Assets.xcassets */,
				06FCF93B2BD0A0C2003DE620 /* Preview Content */,
			);
			path = "Exercise-SwiftUI";
			sourceTree = "<group>";
		};
		06FCF93B2BD0A0C2003DE620 /* Preview Content */ = {
			isa = PBXGroup;
			children = (
				06FCF93C2BD0A0C2003DE620 /* Preview Assets.xcassets */,
			);
			path = "Preview Content";
			sourceTree = "<group>";
		};
		06FCF9452BD0A0C2003DE620 /* Exercise-SwiftUITests */ = {
			isa = PBXGroup;
			children = (
				06FCF9462BD0A0C2003DE620 /* Exercise_SwiftUITests.swift */,
			);
			path = "Exercise-SwiftUITests";
			sourceTree = "<group>";
		};
		06FCF94F2BD0A0C2003DE620 /* Exercise-SwiftUIUITests */ = {
			isa = PBXGroup;
			children = (
				06FCF9502BD0A0C2003DE620 /* Exercise_SwiftUIUITests.swift */,
				06FCF9522BD0A0C2003DE620 /* Exercise_SwiftUIUITestsLaunchTests.swift */,
			);
			path = "Exercise-SwiftUIUITests";
			sourceTree = "<group>";
		};
/* End PBXGroup section */

/* Begin PBXNativeTarget section */
		06FCF9312BD0A0C1003DE620 /* Exercise-SwiftUI */ = {
			isa = PBXNativeTarget;
			buildConfigurationList = 06FCF9562BD0A0C2003DE620 /* Build configuration list for PBXNativeTarget "Exercise-SwiftUI" */;
			buildPhases = (
				06FCF92E2BD0A0C1003DE620 /* Sources */,
				06FCF92F2BD0A0C1003DE620 /* Frameworks */,
				06FCF9302BD0A0C1003DE620 /* Resources */,
			);
			buildRules = (
			);
			dependencies = (
			);
			name = "Exercise-SwiftUI";
			productName = "Exercise-SwiftUI";
			productReference = 06FCF9322BD0A0C1003DE620 /* Exercise-SwiftUI.app */;
			productType = "com.apple.product-type.application";
		};
		06FCF9412BD0A0C2003DE620 /* Exercise-SwiftUITests */ = {
			isa = PBXNativeTarget;
			buildConfigurationList = 06FCF9592BD0A0C2003DE620 /* Build configuration list for PBXNativeTarget "Exercise-SwiftUITests" */;
			buildPhases = (
				06FCF93E2BD0A0C2003DE620 /* Sources */,
				06FCF93F2BD0A0C2003DE620 /* Frameworks */,
				06FCF9402BD0A0C2003DE620 /* Resources */,
			);
			buildRules = (
			);
			dependencies = (
				06FCF9442BD0A0C2003DE620 /* PBXTargetDependency */,
			);
			name = "Exercise-SwiftUITests";
			productName = "Exercise-SwiftUITests";
			productReference = 06FCF9422BD0A0C2003DE620 /* Exercise-SwiftUITests.xctest */;
			productType = "com.apple.product-type.bundle.unit-test";
		};
		06FCF94B2BD0A0C2003DE620 /* Exercise-SwiftUIUITests */ = {
			isa = PBXNativeTarget;
			buildConfigurationList = 06FCF95C2BD0A0C2003DE620 /* Build configuration list for PBXNativeTarget "Exercise-SwiftUIUITests" */;
			buildPhases = (
				06FCF9482BD0A0C2003DE620 /* Sources */,
				06FCF9492BD0A0C2003DE620 /* Frameworks */,
				06FCF94A2BD0A0C2003DE620 /* Resources */,
			);
			buildRules = (
			);
			dependencies = (
				06FCF94E2BD0A0C2003DE620 /* PBXTargetDependency */,
			);
			name = "Exercise-SwiftUIUITests";
			productName = "Exercise-SwiftUIUITests";
			productReference = 06FCF94C2BD0A0C2003DE620 /* Exercise-SwiftUIUITests.xctest */;
			productType = "com.apple.product-type.bundle.ui-testing";
		};
/* End PBXNativeTarget section */

/* Begin PBXProject section */
		06FCF92A2BD0A0C1003DE620 /* Project object */ = {
			isa = PBXProject;
			attributes = {
				BuildIndependentTargetsInParallel = 1;
				LastSwiftUpdateCheck = 1530;
				LastUpgradeCheck = 1530;
				TargetAttributes = {
					06FCF9312BD0A0C1003DE620 = {
						CreatedOnToolsVersion = 15.3;
					};
					06FCF9412BD0A0C2003DE620 = {
						CreatedOnToolsVersion = 15.3;
						TestTargetID = 06FCF9312BD0A0C1003DE620;
					};
					06FCF94B2BD0A0C2003DE620 = {
						CreatedOnToolsVersion = 15.3;
						TestTargetID = 06FCF9312BD0A0C1003DE620;
					};
				};
			};
			buildConfigurationList = 06FCF92D2BD0A0C1003DE620 /* Build configuration list for PBXProject "Exercise-SwiftUI" */;
			compatibilityVersion = "Xcode 14.0";
			developmentRegion = en;
			hasScannedForEncodings = 0;
			knownRegions = (
				en,
				Base,
			);
			mainGroup = 06FCF9292BD0A0C1003DE620;
			productRefGroup = 06FCF9332BD0A0C1003DE620 /* Products */;
			projectDirPath = "";
			projectRoot = "";
			targets = (
				06FCF9312BD0A0C1003DE620 /* Exercise-SwiftUI */,
				06FCF9412BD0A0C2003DE620 /* Exercise-SwiftUITests */,
				06FCF94B2BD0A0C2003DE620 /* Exercise-SwiftUIUITests */,
			);
		};
/* End PBXProject section */

/* Begin PBXResourcesBuildPhase section */
		06FCF9302BD0A0C1003DE620 /* Resources */ = {
			isa = PBXResourcesBuildPhase;
			buildActionMask = 2147483647;
			files = (
				06FCF93D2BD0A0C2003DE620 /* Preview Assets.xcassets in Resources */,
				06FCF93A2BD0A0C2003DE620 /* Assets.xcassets in Resources */,
			);
			runOnlyForDeploymentPostprocessing = 0;
		};
		06FCF9402BD0A0C2003DE620 /* Resources */ = {
			isa = PBXResourcesBuildPhase;
			buildActionMask = 2147483647;
			files = (
			);
			runOnlyForDeploymentPostprocessing = 0;
		};
		06FCF94A2BD0A0C2003DE620 /* Resources */ = {
			isa = PBXResourcesBuildPhase;
			buildActionMask = 2147483647;
			files = (
			);
			runOnlyForDeploymentPostprocessing = 0;
		};
/* End PBXResourcesBuildPhase section */

/* Begin PBXSourcesBuildPhase section */
		06FCF92E2BD0A0C1003DE620 /* Sources */ = {
			isa = PBXSourcesBuildPhase;
			buildActionMask = 2147483647;
			files = (
				06FCF9382BD0A0C1003DE620 /* ContentView.swift in Sources */,
				06FCF9602BD0A12B003DE620 /* MyFirstView.swift in Sources */,
				06924F292BD0EE9C00F005F3 /* ReservationForm.swift in Sources */,
				06F48F762BD1CE7600E4BAC4 /* MainView.swift in Sources */,
				06F48F782BD1D33700E4BAC4 /* AddingControlsExercise.swift in Sources */,
				06FCF9362BD0A0C1003DE620 /* Exercise_SwiftUIApp.swift in Sources */,
			);
			runOnlyForDeploymentPostprocessing = 0;
		};
		06FCF93E2BD0A0C2003DE620 /* Sources */ = {
			isa = PBXSourcesBuildPhase;
			buildActionMask = 2147483647;
			files = (
				06FCF9472BD0A0C2003DE620 /* Exercise_SwiftUITests.swift in Sources */,
			);
			runOnlyForDeploymentPostprocessing = 0;
		};
		06FCF9482BD0A0C2003DE620 /* Sources */ = {
			isa = PBXSourcesBuildPhase;
			buildActionMask = 2147483647;
			files = (
				06FCF9532BD0A0C2003DE620 /* Exercise_SwiftUIUITestsLaunchTests.swift in Sources */,
				06FCF9512BD0A0C2003DE620 /* Exercise_SwiftUIUITests.swift in Sources */,
			);
			runOnlyForDeploymentPostprocessing = 0;
		};
/* End PBXSourcesBuildPhase section */

/* Begin PBXTargetDependency section */
		06FCF9442BD0A0C2003DE620 /* PBXTargetDependency */ = {
			isa = PBXTargetDependency;
			target = 06FCF9312BD0A0C1003DE620 /* Exercise-SwiftUI */;
			targetProxy = 06FCF9432BD0A0C2003DE620 /* PBXContainerItemProxy */;
		};
		06FCF94E2BD0A0C2003DE620 /* PBXTargetDependency */ = {
			isa = PBXTargetDependency;
			target = 06FCF9312BD0A0C1003DE620 /* Exercise-SwiftUI */;
			targetProxy = 06FCF94D2BD0A0C2003DE620 /* PBXContainerItemProxy */;
		};
/* End PBXTargetDependency section */

/* Begin XCBuildConfiguration section */
		06FCF9542BD0A0C2003DE620 /* Debug */ = {
			isa = XCBuildConfiguration;
			buildSettings = {
				ALWAYS_SEARCH_USER_PATHS = NO;
				ASSETCATALOG_COMPILER_GENERATE_SWIFT_ASSET_SYMBOL_EXTENSIONS = YES;
				CLANG_ANALYZER_NONNULL = YES;
				CLANG_ANALYZER_NUMBER_OBJECT_CONVERSION = YES_AGGRESSIVE;
				CLANG_CXX_LANGUAGE_STANDARD = "gnu++20";
				CLANG_ENABLE_MODULES = YES;
				CLANG_ENABLE_OBJC_ARC = YES;
				CLANG_ENABLE_OBJC_WEAK = YES;
				CLANG_WARN_BLOCK_CAPTURE_AUTORELEASING = YES;
				CLANG_WARN_BOOL_CONVERSION = YES;
				CLANG_WARN_COMMA = YES;
				CLANG_WARN_CONSTANT_CONVERSION = YES;
				CLANG_WARN_DEPRECATED_OBJC_IMPLEMENTATIONS = YES;
				CLANG_WARN_DIRECT_OBJC_ISA_USAGE = YES_ERROR;
				CLANG_WARN_DOCUMENTATION_COMMENTS = YES;
				CLANG_WARN_EMPTY_BODY = YES;
				CLANG_WARN_ENUM_CONVERSION = YES;
				CLANG_WARN_INFINITE_RECURSION = YES;
				CLANG_WARN_INT_CONVERSION = YES;
				CLANG_WARN_NON_LITERAL_NULL_CONVERSION = YES;
				CLANG_WARN_OBJC_IMPLICIT_RETAIN_SELF = YES;
				CLANG_WARN_OBJC_LITERAL_CONVERSION = YES;
				CLANG_WARN_OBJC_ROOT_CLASS = YES_ERROR;
				CLANG_WARN_QUOTED_INCLUDE_IN_FRAMEWORK_HEADER = YES;
				CLANG_WARN_RANGE_LOOP_ANALYSIS = YES;
				CLANG_WARN_STRICT_PROTOTYPES = YES;
				CLANG_WARN_SUSPICIOUS_MOVE = YES;
				CLANG_WARN_UNGUARDED_AVAILABILITY = YES_AGGRESSIVE;
				CLANG_WARN_UNREACHABLE_CODE = YES;
				CLANG_WARN__DUPLICATE_METHOD_MATCH = YES;
				COPY_PHASE_STRIP = NO;
				DEBUG_INFORMATION_FORMAT = dwarf;
				ENABLE_STRICT_OBJC_MSGSEND = YES;
				ENABLE_TESTABILITY = YES;
				ENABLE_USER_SCRIPT_SANDBOXING = YES;
				GCC_C_LANGUAGE_STANDARD = gnu17;
				GCC_DYNAMIC_NO_PIC = NO;
				GCC_NO_COMMON_BLOCKS = YES;
				GCC_OPTIMIZATION_LEVEL = 0;
				GCC_PREPROCESSOR_DEFINITIONS = (
					"DEBUG=1",
					"$(inherited)",
				);
				GCC_WARN_64_TO_32_BIT_CONVERSION = YES;
				GCC_WARN_ABOUT_RETURN_TYPE = YES_ERROR;
				GCC_WARN_UNDECLARED_SELECTOR = YES;
				GCC_WARN_UNINITIALIZED_AUTOS = YES_AGGRESSIVE;
				GCC_WARN_UNUSED_FUNCTION = YES;
				GCC_WARN_UNUSED_VARIABLE = YES;
				IPHONEOS_DEPLOYMENT_TARGET = 17.4;
				LOCALIZATION_PREFERS_STRING_CATALOGS = YES;
				MTL_ENABLE_DEBUG_INFO = INCLUDE_SOURCE;
				MTL_FAST_MATH = YES;
				ONLY_ACTIVE_ARCH = YES;
				SDKROOT = iphoneos;
				SWIFT_ACTIVE_COMPILATION_CONDITIONS = "DEBUG $(inherited)";
				SWIFT_OPTIMIZATION_LEVEL = "-Onone";
			};
			name = Debug;
		};
		06FCF9552BD0A0C2003DE620 /* Release */ = {
			isa = XCBuildConfiguration;
			buildSettings = {
				ALWAYS_SEARCH_USER_PATHS = NO;
				ASSETCATALOG_COMPILER_GENERATE_SWIFT_ASSET_SYMBOL_EXTENSIONS = YES;
				CLANG_ANALYZER_NONNULL = YES;
				CLANG_ANALYZER_NUMBER_OBJECT_CONVERSION = YES_AGGRESSIVE;
				CLANG_CXX_LANGUAGE_STANDARD = "gnu++20";
				CLANG_ENABLE_MODULES = YES;
				CLANG_ENABLE_OBJC_ARC = YES;
				CLANG_ENABLE_OBJC_WEAK = YES;
				CLANG_WARN_BLOCK_CAPTURE_AUTORELEASING = YES;
				CLANG_WARN_BOOL_CONVERSION = YES;
				CLANG_WARN_COMMA = YES;
				CLANG_WARN_CONSTANT_CONVERSION = YES;
				CLANG_WARN_DEPRECATED_OBJC_IMPLEMENTATIONS = YES;
				CLANG_WARN_DIRECT_OBJC_ISA_USAGE = YES_ERROR;
				CLANG_WARN_DOCUMENTATION_COMMENTS = YES;
				CLANG_WARN_EMPTY_BODY = YES;
				CLANG_WARN_ENUM_CONVERSION = YES;
				CLANG_WARN_INFINITE_RECURSION = YES;
				CLANG_WARN_INT_CONVERSION = YES;
				CLANG_WARN_NON_LITERAL_NULL_CONVERSION = YES;
				CLANG_WARN_OBJC_IMPLICIT_RETAIN_SELF = YES;
				CLANG_WARN_OBJC_LITERAL_CONVERSION = YES;
				CLANG_WARN_OBJC_ROOT_CLASS = YES_ERROR;
				CLANG_WARN_QUOTED_INCLUDE_IN_FRAMEWORK_HEADER = YES;
				CLANG_WARN_RANGE_LOOP_ANALYSIS = YES;
				CLANG_WARN_STRICT_PROTOTYPES = YES;
				CLANG_WARN_SUSPICIOUS_MOVE = YES;
				CLANG_WARN_UNGUARDED_AVAILABILITY = YES_AGGRESSIVE;
				CLANG_WARN_UNREACHABLE_CODE = YES;
				CLANG_WARN__DUPLICATE_METHOD_MATCH = YES;
				COPY_PHASE_STRIP = NO;
				DEBUG_INFORMATION_FORMAT = "dwarf-with-dsym";
				ENABLE_NS_ASSERTIONS = NO;
				ENABLE_STRICT_OBJC_MSGSEND = YES;
				ENABLE_USER_SCRIPT_SANDBOXING = YES;
				GCC_C_LANGUAGE_STANDARD = gnu17;
				GCC_NO_COMMON_BLOCKS = YES;
				GCC_WARN_64_TO_32_BIT_CONVERSION = YES;
				GCC_WARN_ABOUT_RETURN_TYPE = YES_ERROR;
				GCC_WARN_UNDECLARED_SELECTOR = YES;
				GCC_WARN_UNINITIALIZED_AUTOS = YES_AGGRESSIVE;
				GCC_WARN_UNUSED_FUNCTION = YES;
				GCC_WARN_UNUSED_VARIABLE = YES;
				IPHONEOS_DEPLOYMENT_TARGET = 17.4;
				LOCALIZATION_PREFERS_STRING_CATALOGS = YES;
				MTL_ENABLE_DEBUG_INFO = NO;
				MTL_FAST_MATH = YES;
				SDKROOT = iphoneos;
				SWIFT_COMPILATION_MODE = wholemodule;
				VALIDATE_PRODUCT = YES;
			};
			name = Release;
		};
		06FCF9572BD0A0C2003DE620 /* Debug */ = {
			isa = XCBuildConfiguration;
			buildSettings = {
				ASSETCATALOG_COMPILER_APPICON_NAME = AppIcon;
				ASSETCATALOG_COMPILER_GLOBAL_ACCENT_COLOR_NAME = AccentColor;
				CODE_SIGN_STYLE = Automatic;
				CURRENT_PROJECT_VERSION = 1;
				DEVELOPMENT_ASSET_PATHS = "\"Exercise-SwiftUI/Preview Content\"";
				DEVELOPMENT_TEAM = 9VRRP7UPY9;
				ENABLE_PREVIEWS = YES;
				GENERATE_INFOPLIST_FILE = YES;
				INFOPLIST_KEY_UIApplicationSceneManifest_Generation = YES;
				INFOPLIST_KEY_UIApplicationSupportsIndirectInputEvents = YES;
				INFOPLIST_KEY_UILaunchScreen_Generation = YES;
				INFOPLIST_KEY_UISupportedInterfaceOrientations_iPad = "UIInterfaceOrientationPortrait UIInterfaceOrientationPortraitUpsideDown UIInterfaceOrientationLandscapeLeft UIInterfaceOrientationLandscapeRight";
				INFOPLIST_KEY_UISupportedInterfaceOrientations_iPhone = "UIInterfaceOrientationPortrait UIInterfaceOrientationLandscapeLeft UIInterfaceOrientationLandscapeRight";
				LD_RUNPATH_SEARCH_PATHS = (
					"$(inherited)",
					"@executable_path/Frameworks",
				);
				MARKETING_VERSION = 1.0;
				PRODUCT_BUNDLE_IDENTIFIER = "grgttdln.Exercise-SwiftUI";
				PRODUCT_NAME = "$(TARGET_NAME)";
				SWIFT_EMIT_LOC_STRINGS = YES;
				SWIFT_VERSION = 5.0;
				TARGETED_DEVICE_FAMILY = "1,2";
			};
			name = Debug;
		};
		06FCF9582BD0A0C2003DE620 /* Release */ = {
			isa = XCBuildConfiguration;
			buildSettings = {
				ASSETCATALOG_COMPILER_APPICON_NAME = AppIcon;
				ASSETCATALOG_COMPILER_GLOBAL_ACCENT_COLOR_NAME = AccentColor;
				CODE_SIGN_STYLE = Automatic;
				CURRENT_PROJECT_VERSION = 1;
				DEVELOPMENT_ASSET_PATHS = "\"Exercise-SwiftUI/Preview Content\"";
				DEVELOPMENT_TEAM = 9VRRP7UPY9;
				ENABLE_PREVIEWS = YES;
				GENERATE_INFOPLIST_FILE = YES;
				INFOPLIST_KEY_UIApplicationSceneManifest_Generation = YES;
				INFOPLIST_KEY_UIApplicationSupportsIndirectInputEvents = YES;
				INFOPLIST_KEY_UILaunchScreen_Generation = YES;
				INFOPLIST_KEY_UISupportedInterfaceOrientations_iPad = "UIInterfaceOrientationPortrait UIInterfaceOrientationPortraitUpsideDown UIInterfaceOrientationLandscapeLeft UIInterfaceOrientationLandscapeRight";
				INFOPLIST_KEY_UISupportedInterfaceOrientations_iPhone = "UIInterfaceOrientationPortrait UIInterfaceOrientationLandscapeLeft UIInterfaceOrientationLandscapeRight";
				LD_RUNPATH_SEARCH_PATHS = (
					"$(inherited)",
					"@executable_path/Frameworks",
				);
				MARKETING_VERSION = 1.0;
				PRODUCT_BUNDLE_IDENTIFIER = "grgttdln.Exercise-SwiftUI";
				PRODUCT_NAME = "$(TARGET_NAME)";
				SWIFT_EMIT_LOC_STRINGS = YES;
				SWIFT_VERSION = 5.0;
				TARGETED_DEVICE_FAMILY = "1,2";
			};
			name = Release;
		};
		06FCF95A2BD0A0C2003DE620 /* Debug */ = {
			isa = XCBuildConfiguration;
			buildSettings = {
				ALWAYS_EMBED_SWIFT_STANDARD_LIBRARIES = YES;
				BUNDLE_LOADER = "$(TEST_HOST)";
				CODE_SIGN_STYLE = Automatic;
				CURRENT_PROJECT_VERSION = 1;
				DEVELOPMENT_TEAM = 9VRRP7UPY9;
				GENERATE_INFOPLIST_FILE = YES;
				IPHONEOS_DEPLOYMENT_TARGET = 17.4;
				MARKETING_VERSION = 1.0;
				PRODUCT_BUNDLE_IDENTIFIER = "grgttdln.Exercise-SwiftUITests";
				PRODUCT_NAME = "$(TARGET_NAME)";
				SWIFT_EMIT_LOC_STRINGS = NO;
				SWIFT_VERSION = 5.0;
				TARGETED_DEVICE_FAMILY = "1,2";
				TEST_HOST = "$(BUILT_PRODUCTS_DIR)/Exercise-SwiftUI.app/$(BUNDLE_EXECUTABLE_FOLDER_PATH)/Exercise-SwiftUI";
			};
			name = Debug;
		};
		06FCF95B2BD0A0C2003DE620 /* Release */ = {
			isa = XCBuildConfiguration;
			buildSettings = {
				ALWAYS_EMBED_SWIFT_STANDARD_LIBRARIES = YES;
				BUNDLE_LOADER = "$(TEST_HOST)";
				CODE_SIGN_STYLE = Automatic;
				CURRENT_PROJECT_VERSION = 1;
				DEVELOPMENT_TEAM = 9VRRP7UPY9;
				GENERATE_INFOPLIST_FILE = YES;
				IPHONEOS_DEPLOYMENT_TARGET = 17.4;
				MARKETING_VERSION = 1.0;
				PRODUCT_BUNDLE_IDENTIFIER = "grgttdln.Exercise-SwiftUITests";
				PRODUCT_NAME = "$(TARGET_NAME)";
				SWIFT_EMIT_LOC_STRINGS = NO;
				SWIFT_VERSION = 5.0;
				TARGETED_DEVICE_FAMILY = "1,2";
				TEST_HOST = "$(BUILT_PRODUCTS_DIR)/Exercise-SwiftUI.app/$(BUNDLE_EXECUTABLE_FOLDER_PATH)/Exercise-SwiftUI";
			};
			name = Release;
		};
		06FCF95D2BD0A0C2003DE620 /* Debug */ = {
			isa = XCBuildConfiguration;
			buildSettings = {
				ALWAYS_EMBED_SWIFT_STANDARD_LIBRARIES = YES;
				CODE_SIGN_STYLE = Automatic;
				CURRENT_PROJECT_VERSION = 1;
				DEVELOPMENT_TEAM = 9VRRP7UPY9;
				GENERATE_INFOPLIST_FILE = YES;
				MARKETING_VERSION = 1.0;
				PRODUCT_BUNDLE_IDENTIFIER = "grgttdln.Exercise-SwiftUIUITests";
				PRODUCT_NAME = "$(TARGET_NAME)";
				SWIFT_EMIT_LOC_STRINGS = NO;
				SWIFT_VERSION = 5.0;
				TARGETED_DEVICE_FAMILY = "1,2";
				TEST_TARGET_NAME = "Exercise-SwiftUI";
			};
			name = Debug;
		};
		06FCF95E2BD0A0C2003DE620 /* Release */ = {
			isa = XCBuildConfiguration;
			buildSettings = {
				ALWAYS_EMBED_SWIFT_STANDARD_LIBRARIES = YES;
				CODE_SIGN_STYLE = Automatic;
				CURRENT_PROJECT_VERSION = 1;
				DEVELOPMENT_TEAM = 9VRRP7UPY9;
				GENERATE_INFOPLIST_FILE = YES;
				MARKETING_VERSION = 1.0;
				PRODUCT_BUNDLE_IDENTIFIER = "grgttdln.Exercise-SwiftUIUITests";
				PRODUCT_NAME = "$(TARGET_NAME)";
				SWIFT_EMIT_LOC_STRINGS = NO;
				SWIFT_VERSION = 5.0;
				TARGETED_DEVICE_FAMILY = "1,2";
				TEST_TARGET_NAME = "Exercise-SwiftUI";
			};
			name = Release;
		};
/* End XCBuildConfiguration section */

/* Begin XCConfigurationList section */
		06FCF92D2BD0A0C1003DE620 /* Build configuration list for PBXProject "Exercise-SwiftUI" */ = {
			isa = XCConfigurationList;
			buildConfigurations = (
				06FCF9542BD0A0C2003DE620 /* Debug */,
				06FCF9552BD0A0C2003DE620 /* Release */,
			);
			defaultConfigurationIsVisible = 0;
			defaultConfigurationName = Release;
		};
		06FCF9562BD0A0C2003DE620 /* Build configuration list for PBXNativeTarget "Exercise-SwiftUI" */ = {
			isa = XCConfigurationList;
			buildConfigurations = (
				06FCF9572BD0A0C2003DE620 /* Debug */,
				06FCF9582BD0A0C2003DE620 /* Release */,
			);
			defaultConfigurationIsVisible = 0;
			defaultConfigurationName = Release;
		};
		06FCF9592BD0A0C2003DE620 /* Build configuration list for PBXNativeTarget "Exercise-SwiftUITests" */ = {
			isa = XCConfigurationList;
			buildConfigurations = (
				06FCF95A2BD0A0C2003DE620 /* Debug */,
				06FCF95B2BD0A0C2003DE620 /* Release */,
			);
			defaultConfigurationIsVisible = 0;
			defaultConfigurationName = Release;
		};
		06FCF95C2BD0A0C2003DE620 /* Build configuration list for PBXNativeTarget "Exercise-SwiftUIUITests" */ = {
			isa = XCConfigurationList;
			buildConfigurations = (
				06FCF95D2BD0A0C2003DE620 /* Debug */,
				06FCF95E2BD0A0C2003DE620 /* Release */,
			);
			defaultConfigurationIsVisible = 0;
			defaultConfigurationName = Release;
		};
/* End XCConfigurationList section */
	};
	rootObject = 06FCF92A2BD0A0C1003DE620 /* Project object */;
}
